
Microsoft Visual Studio Solution File, Format Version 12.00
# Visual Studio Version 17
VisualStudioVersion = 17.5.002.0
MinimumVisualStudioVersion = 10.0.40219.1
Project("{9A19103F-16F7-4668-BE54-9A1E7A4F7556}") = "Restaurante", "Restaurante.csproj", "{5F369003-28A9-4E04-9091-BBB313EC77EA}"
EndProject
Global
	GlobalSection(SolutionConfigurationPlatforms) = preSolution
		Debug|Any CPU = Debug|Any CPU
		Release|Any CPU = Release|Any CPU
	EndGlobalSection
	GlobalSection(ProjectConfigurationPlatforms) = postSolution
		{5F369003-28A9-4E04-9091-BBB313EC77EA}.Debug|Any CPU.ActiveCfg = Debug|Any CPU
		{5F369003-28A9-4E04-9091-BBB313EC77EA}.Debug|Any CPU.Build.0 = Debug|Any CPU
		{5F369003-28A9-4E04-9091-BBB313EC77EA}.Release|Any CPU.ActiveCfg = Release|Any CPU
		{5F369003-28A9-4E04-9091-BBB313EC77EA}.Release|Any CPU.Build.0 = Release|Any CPU
	EndGlobalSection
	GlobalSection(SolutionProperties) = preSolution
		HideSolutionNode = FALSE
	EndGlobalSection
	GlobalSection(ExtensibilityGlobals) = postSolution
		SolutionGuid = {198B54CD-401E-4DD8-A3DD-EC9E8BD88C0E}
	EndGlobalSection
EndGlobal
